{
  "nodes": {
    "agenix": {
      "inputs": {
        "darwin": "darwin",
        "home-manager": "home-manager",
        "nixpkgs": [
          "nixpkgs"
        ],
        "systems": "systems"
      },
      "locked": {
        "lastModified": 1770165109,
        "narHash": "sha256-9VnK6Oqai65puVJ4WYtCTvlJeXxMzAp/69HhQuTdl/I=",
        "owner": "ryantm",
        "repo": "agenix",
        "rev": "b027ee29d959fda4b60b57566d64c98a202e0feb",
        "type": "github"
      },
      "original": {
        "owner": "ryantm",
        "repo": "agenix",
        "type": "github"
      }
    },
    "crane": {
      "locked": {
        "lastModified": 1744386647,
        "narHash": "sha256-DXwQEJllxpYeVOiSlBhQuGjfvkoGHTtILLYO2FvcyzQ=",
        "owner": "ipetkov",
        "repo": "crane",
        "rev": "d02c1cdd7ec539699aa44e6ff912e15535969803",
        "type": "github"
      },
      "original": {
        "owner": "ipetkov",
        "repo": "crane",
        "type": "github"
      }
    },
    "darwin": {
      "inputs": {
        "nixpkgs": [
          "agenix",
          "nixpkgs"
        ]
      },
      "locked": {
        "lastModified": 1744478979,
        "narHash": "sha256-dyN+teG9G82G+m+PX/aSAagkC+vUv0SgUw3XkPhQodQ=",
        "owner": "lnl7",
        "repo": "nix-darwin",
        "rev": "43975d782b418ebf4969e9ccba82466728c2851b",
        "type": "github"
      },
      "original": {
        "owner": "lnl7",
        "ref": "master",
        "repo": "nix-darwin",
        "type": "github"
      }
    },
    "disko": {
      "inputs": {
        "nixpkgs": [
          "nixpkgs"
        ]
      },
      "locked": {
        "lastModified": 1781152676,
        "narHash": "sha256-RxWs5ND31KzTG7wvMM+PMfUjyNpmIEr999lqNARaM5o=",
        "owner": "nix-community",
        "repo": "disko",
        "rev": "ff8702b4de27f72b4c78573dfb89ec74e36abdf1",
        "type": "github"
      },
      "original": {
        "owner": "nix-community",
        "repo": "disko",
        "type": "github"
      }
    },
    "fenix": {
      "inputs": {
        "nixpkgs": [
          "ff14-utils",
          "nixpkgs"
        ],
        "rust-analyzer-src": "rust-analyzer-src"
      },
      "locked": {
        "lastModified": 1744231114,
        "narHash": "sha256-60gLl2rJFt6SRwqWimsTAeHgfsIE1iV0zChdJFOvx8w=",
        "owner": "nix-community",
        "repo": "fenix",
        "rev": "0ccfe532b1433da8e5a23cd513ff6847e0f6a8c2",
        "type": "github"
      },
      "original": {
        "owner": "nix-community",
        "repo": "fenix",
        "type": "github"
      }
    },
    "ff14-utils": {
      "inputs": {
        "crane": "crane",
        "fenix": "fenix",
        "ffxiv-datamining": "ffxiv-datamining",
        "nixpkgs": [
          "nixpkgs"
        ]
      },
      "locked": {
        "lastModified": 1767287911,
        "narHash": "sha256-uk0IrXN5SqXnxAVKLOSEb/KBpjIn+P8otPlflKi/Lc4=",
        "owner": "nyctef",
        "repo": "ff14-utils",
        "rev": "0eb0007f3d630eb3f6174708602276872ad2a1dc",
        "type": "github"
      },
      "original": {
        "owner": "nyctef",
        "repo": "ff14-utils",
        "type": "github"
      }
    },
    "ffxiv-datamining": {
      "flake": false,
      "locked": {
        "lastModified": 1766660549,
        "narHash": "sha256-icM10U/PXM3MIc5Koav3NxLRNJrsdy8d8SJxWEkyZ8A=",
        "owner": "xivapi",
        "repo": "ffxiv-datamining",
        "rev": "97ca35576cbb9d75ccdde5a0ab8fb299c7f52c51",
        "type": "github"
      },
      "original": {
        "owner": "xivapi",
        "repo": "ffxiv-datamining",
        "type": "github"
      }
    },
    "flake-compat": {
      "flake": false,
      "locked": {
        "lastModified": 1767039857,
        "narHash": "sha256-vNpUSpF5Nuw8xvDLj2KCwwksIbjua2LZCqhV1LNRDns=",
        "owner": "edolstra",
        "repo": "flake-compat",
        "rev": "5edf11c44bc78a0d334f6334cdaf7d60d732daab",
        "type": "github"
      },
      "original": {
        "owner": "edolstra",
        "repo": "flake-compat",
        "type": "github"
      }
    },
    "flake-utils": {
      "inputs": {
        "systems": "systems_2"
      },
      "locked": {
        "lastModified": 1731533236,
        "narHash": "sha256-l0KFg5HjrsfsO/JpG+r7fRrqm12kzFHyUHqHCVpMMbI=",
        "owner": "numtide",
        "repo": "flake-utils",
        "rev": "11707dc2f618dd54ca8739b309ec4fc024de578b",
        "type": "github"
      },
      "original": {
        "owner": "numtide",
        "repo": "flake-utils",
        "type": "github"
      }
    },
    "home-manager": {
      "inputs": {
        "nixpkgs": [
          "agenix",
          "nixpkgs"
        ]
      },
      "locked": {
        "lastModified": 1745494811,
        "narHash": "sha256-YZCh2o9Ua1n9uCvrvi5pRxtuVNml8X2a03qIFfRKpFs=",
        "owner": "nix-community",
        "repo": "home-manager",
        "rev": "abfad3d2958c9e6300a883bd443512c55dfeb1be",
        "type": "github"
      },
      "original": {
        "owner": "nix-community",
        "repo": "home-manager",
        "type": "github"
      }
    },
    "home-manager_2": {
      "inputs": {
        "nixpkgs": [
          "nixpkgs"
        ]
      },
      "locked": {
        "lastModified": 1788355065,
        "narHash": "sha256-gAz5oTI7ur34CfuakQduiQd/2ZhO62Bn2XXg08nZYYQ=",
        "owner": "nix-community",
        "repo": "home-manager",
        "rev": "d9d750e4fc11c10cab2da677bdd31e427f3a3a71",
        "type": "github"
      },
      "original": {
        "owner": "nix-community",
        "ref": "master",
        "repo": "home-manager",
        "type": "github"
      }
    },
    "nixCats": {
      "locked": {
        "lastModified": 1787720571,
        "narHash": "sha256-jvoTU61m2p2knJMIvDwWqkhf5CrmKCkiCO0KR3GIryw=",
        "owner": "BirdeeHub",
        "repo": "nixCats-nvim",
        "rev": "8fcebab53bfe800b963e8db5e28b63baa65850d3",
        "type": "github"
      },
      "original": {
        "owner": "BirdeeHub",
        "repo": "nixCats-nvim",
        "type": "github"
      }
    },
    "nixos-wsl": {
      "inputs": {
        "flake-compat": "flake-compat",
        "nixpkgs": [
          "nixpkgs"
        ]
      },
      "locked": {
        "lastModified": 1784642409,
        "narHash": "sha256-hcbDqFuySAJawljt5r0sKBCJKYnbtGD0T/ZIozH1Dq0=",
        "owner": "nix-community",
        "repo": "NixOS-WSL",
        "rev": "eaeb18da90024448a60eb1ec7132eafa4003404e",
        "type": "github"
      },
      "original": {
        "owner": "nix-community",
        "ref": "main",
        "repo": "NixOS-WSL",
        "type": "github"
      }
    },
    "nixpkgs": {
      "locked": {
        "lastModified": 1788316716,
        "narHash": "sha256-bc7rSpXIdn9QWGNqfWcPZWOhEVF8NoeAZkWq0XWnf/k=",
        "owner": "nixos",
        "repo": "nixpkgs",
        "rev": "3ed67ec0a4d3c7ab4ae1f04f8ee8df07bfa506a2",
        "type": "github"
      },
      "original": {
        "owner": "nixos",
        "ref": "nixos-unstable",
        "repo": "nixpkgs",
        "type": "github"
      }
    },
    "nixpkgs-docker": {
      "locked": {
        "lastModified": 1778542401,
        "narHash": "sha256-ZWyKr+yybF4sc5z2p72r5LCXf/Hc0dB1qKlpM4Etdtc=",
        "owner": "nixos",
        "repo": "nixpkgs",
        "rev": "8e4a6e1b8b11b3c809db563aaa6f8015d7aa70ac",
        "type": "github"
      },
      "original": {
        "owner": "nixos",
        "repo": "nixpkgs",
        "rev": "8e4a6e1b8b11b3c809db563aaa6f8015d7aa70ac",
        "type": "github"
      }
    },
    "nugetui": {
      "inputs": {
        "nixpkgs": [
          "nixpkgs"
        ]
      },
      "locked": {
        "lastModified": 1772815033,
        "narHash": "sha256-jCufhoq5VjLKvhLUqUgpIMr+3Irx/AzC3NcBhhncODE=",
        "owner": "nyctef",
        "repo": "nugetui",
        "rev": "2e2a7da50ada0fc551e776038cd5d9e70c60b77a",
        "type": "github"
      },
      "original": {
        "owner": "nyctef",
        "repo": "nugetui",
        "type": "github"
      }
    },
    "nyctef-com": {
      "flake": false,
      "locked": {
        "lastModified": 1496929330,
        "narHash": "sha256-F6XzuIGONk2ybUYrWREhr52kiVVhae5syZavJhUx7pE=",
        "ref": "refs/heads/master",
        "rev": "c0557d2b59d98f0035676e7771c36c118f1eb89a",
        "revCount": 3,
        "type": "git",
        "url": "ssh://git@github.com/nyctef/nyctef.com"
      },
      "original": {
        "type": "git",
        "url": "ssh://git@github.com/nyctef/nyctef.com"
      }
    },
    "plugins-roslyn-nvim": {
      "flake": false,
      "locked": {
        "lastModified": 1786593059,
        "narHash": "sha256-dSzC4A0jnetm5rNTy85bilUxcge+ERveSjOZ5p3gg54=",
        "owner": "seblyng",
        "repo": "roslyn.nvim",
        "rev": "de9a98d61ed3fd01b5016eea5fe9e32f1a4c7cfb",
        "type": "github"
      },
      "original": {
        "owner": "seblyng",
        "repo": "roslyn.nvim",
        "type": "github"
      }
    },
    "qpaste": {
      "inputs": {
        "flake-utils": "flake-utils",
        "nixpkgs": [
          "nixpkgs"
        ]
      },
      "locked": {
        "lastModified": 1789896191,
        "narHash": "sha256-f0LLmv5BXu2ZEmPjdyAMWDisI1+DomC3XOEBaamcexM=",
        "owner": "nyctef",
        "repo": "qpaste",
        "rev": "f6dd1e269b044ffdab5600dd59aca3aaff52a719",
        "type": "github"
      },
      "original": {
        "owner": "nyctef",
        "repo": "qpaste",
        "type": "github"
      }
    },
    "root": {
      "inputs": {
        "agenix": "agenix",
        "disko": "disko",
        "ff14-utils": "ff14-utils",
        "home-manager": "home-manager_2",
        "nixCats": "nixCats",
        "nixos-wsl": "nixos-wsl",
        "nixpkgs": "nixpkgs",
        "nixpkgs-docker": "nixpkgs-docker",
        "nugetui": "nugetui",
        "nyctef-com": "nyctef-com",
        "plugins-roslyn-nvim": "plugins-roslyn-nvim",
        "qpaste": "qpaste",
        "ticket": "ticket"
      }
    },
    "rust-analyzer-src": {
      "flake": false,
      "locked": {
        "lastModified": 1742296961,
        "narHash": "sha256-gCpvEQOrugHWLimD1wTFOJHagnSEP6VYBDspq96Idu0=",
        "owner": "rust-lang",
        "repo": "rust-analyzer",
        "rev": "15d87419f1a123d8f888d608129c3ce3ff8f13d4",
        "type": "github"
      },
      "original": {
        "owner": "rust-lang",
        "ref": "nightly",
        "repo": "rust-analyzer",
        "type": "github"
      }
    },
    "systems": {
      "locked": {
        "lastModified": 1681028828,
        "narHash": "sha256-Vy1rq5AaRuLzOxct8nz4T6wlgyUR7zLU309k9mBC768=",
        "owner": "nix-systems",
        "repo": "default",
        "rev": "da67096a3b9bf56a91d16901293e51ba5b49a27e",
        "type": "github"
      },
      "original": {
        "owner": "nix-systems",
        "repo": "default",
        "type": "github"
      }
    },
    "systems_2": {
      "locked": {
        "lastModified": 1681028828,
        "narHash": "sha256-Vy1rq5AaRuLzOxct8nz4T6wlgyUR7zLU309k9mBC768=",
        "owner": "nix-systems",
        "repo": "default",
        "rev": "da67096a3b9bf56a91d16901293e51ba5b49a27e",
        "type": "github"
      },
      "original": {
        "owner": "nix-systems",
        "repo": "default",
        "type": "github"
      }
    },
    "ticket": {
      "flake": false,
      "locked": {
        "lastModified": 1773590846,
        "narHash": "sha256-S7nA8IiOCYqA6ic1b5MkE7fUCtViUiEUVeJ4HV1re2o=",
        "owner": "wedow",
        "repo": "ticket",
        "rev": "194b71a8bbc3771da1ce9f579395937c976bbddc",
        "type": "github"
      },
      "original": {
        "owner": "wedow",
        "repo": "ticket",
        "type": "github"
      }
    }
  },
  "root": "root",
  "version": 7
}
