{
  "nodes": {
    "agenix": {
      "inputs": {
        "darwin": "darwin",
        "home-manager": "home-manager",
        "nixpkgs": [
          "nixpkgs"
        ],
        "systems": "systems"
      },
      "locked": {
        "lastModified": 1770165109,
        "narHash": "sha256-9VnK6Oqai65puVJ4WYtCTvlJeXxMzAp/69HhQuTdl/I=",
        "owner": "ryantm",
        "repo": "agenix",
        "rev": "b027ee29d959fda4b60b57566d64c98a202e0feb",
        "type": "github"
      },
      "original": {
        "owner": "ryantm",
        "repo": "agenix",
        "type": "github"
      }
    },
    "crane": {
      "locked": {
        "lastModified": 1744386647,
        "narHash": "sha256-DXwQEJllxpYeVOiSlBhQuGjfvkoGHTtILLYO2FvcyzQ=",
        "owner": "ipetkov",
        "repo": "crane",
        "rev": "d02c1cdd7ec539699aa44e6ff912e15535969803",
        "type": "github"
      },
      "original": {
        "owner": "ipetkov",
        "repo": "crane",
        "type": "github"
      }
    },
    "darwin": {
      "inputs": {
        "nixpkgs": [
          "agenix",
          "nixpkgs"
        ]
      },
      "locked": {
        "lastModified": 1744478979,
        "narHash": "sha256-dyN+teG9G82G+m+PX/aSAagkC+vUv0SgUw3XkPhQodQ=",
        "owner": "lnl7",
        "repo": "nix-darwin",
        "rev": "43975d782b418ebf4969e9ccba82466728c2851b",
        "type": "github"
      },
      "original": {
        "owner": "lnl7",
        "ref": "master",
        "repo": "nix-darwin",
        "type": "github"
      }
    },
    "fenix": {
      "inputs": {
        "nixpkgs": [
          "ff14-utils",
          "nixpkgs"
        ],
        "rust-analyzer-src": "rust-analyzer-src"
      },
      "locked": {
        "lastModified": 1744231114,
        "narHash": "sha256-60gLl2rJFt6SRwqWimsTAeHgfsIE1iV0zChdJFOvx8w=",
        "owner": "nix-community",
        "repo": "fenix",
        "rev": "0ccfe532b1433da8e5a23cd513ff6847e0f6a8c2",
        "type": "github"
      },
      "original": {
        "owner": "nix-community",
        "repo": "fenix",
        "type": "github"
      }
    },
    "ff14-utils": {
      "inputs": {
        "crane": "crane",
        "fenix": "fenix",
        "ffxiv-datamining": "ffxiv-datamining",
        "nixpkgs": [
          "nixpkgs"
        ]
      },
      "locked": {
        "lastModified": 1767287911,
        "narHash": "sha256-uk0IrXN5SqXnxAVKLOSEb/KBpjIn+P8otPlflKi/Lc4=",
        "owner": "nyctef",
        "repo": "ff14-utils",
        "rev": "0eb0007f3d630eb3f6174708602276872ad2a1dc",
        "type": "github"
      },
      "original": {
        "owner": "nyctef",
        "repo": "ff14-utils",
        "type": "github"
      }
    },
    "ffxiv-datamining": {
      "flake": false,
      "locked": {
        "lastModified": 1766660549,
        "narHash": "sha256-icM10U/PXM3MIc5Koav3NxLRNJrsdy8d8SJxWEkyZ8A=",
        "owner": "xivapi",
        "repo": "ffxiv-datamining",
        "rev": "97ca35576cbb9d75ccdde5a0ab8fb299c7f52c51",
        "type": "github"
      },
      "original": {
        "owner": "xivapi",
        "repo": "ffxiv-datamining",
        "type": "github"
      }
    },
    "flake-compat": {
      "flake": false,
      "locked": {
        "lastModified": 1767039857,
        "narHash": "sha256-vNpUSpF5Nuw8xvDLj2KCwwksIbjua2LZCqhV1LNRDns=",
        "owner": "edolstra",
        "repo": "flake-compat",
        "rev": "5edf11c44bc78a0d334f6334cdaf7d60d732daab",
        "type": "github"
      },
      "original": {
        "owner": "edolstra",
        "repo": "flake-compat",
        "type": "github"
      }
    },
    "home-manager": {
      "inputs": {
        "nixpkgs": [
          "agenix",
          "nixpkgs"
        ]
      },
      "locked": {
        "lastModified": 1745494811,
        "narHash": "sha256-YZCh2o9Ua1n9uCvrvi5pRxtuVNml8X2a03qIFfRKpFs=",
        "owner": "nix-community",
        "repo": "home-manager",
        "rev": "abfad3d2958c9e6300a883bd443512c55dfeb1be",
        "type": "github"
      },
      "original": {
        "owner": "nix-community",
        "repo": "home-manager",
        "type": "github"
      }
    },
    "home-manager_2": {
      "inputs": {
        "nixpkgs": [
          "nixpkgs"
        ]
      },
      "locked": {
        "lastModified": 1772985285,
        "narHash": "sha256-wEEmvfqJcl9J0wyMgMrj1TixOgInBW/6tLPhWGoZE3s=",
        "owner": "nix-community",
        "repo": "home-manager",
        "rev": "5be5d8245cbc7bc0c09fbb5f38f23f223c543f85",
        "type": "github"
      },
      "original": {
        "owner": "nix-community",
        "ref": "master",
        "repo": "home-manager",
        "type": "github"
      }
    },
    "nixCats": {
      "locked": {
        "lastModified": 1770584904,
        "narHash": "sha256-9Zaz8lbKF2W9pwXZEnbiGsicHdBoU+dHt3Wv3mCJoZ8=",
        "owner": "BirdeeHub",
        "repo": "nixCats-nvim",
        "rev": "538fdde784d2909700d97a8ef307783b33a86fb1",
        "type": "github"
      },
      "original": {
        "owner": "BirdeeHub",
        "repo": "nixCats-nvim",
        "type": "github"
      }
    },
    "nixos-wsl": {
      "inputs": {
        "flake-compat": "flake-compat",
        "nixpkgs": [
          "nixpkgs"
        ]
      },
      "locked": {
        "lastModified": 1772386632,
        "narHash": "sha256-sm6OpWZuoDwR53KNlsY482YOoHFWlWYwt0wHmqLkRGE=",
        "owner": "nix-community",
        "repo": "NixOS-WSL",
        "rev": "be894604b2aa2184c0b3d3b44995acd0da14dc0c",
        "type": "github"
      },
      "original": {
        "owner": "nix-community",
        "ref": "main",
        "repo": "NixOS-WSL",
        "type": "github"
      }
    },
    "nixpkgs": {
      "locked": {
        "lastModified": 1772773019,
        "narHash": "sha256-E1bxHxNKfDoQUuvriG71+f+s/NT0qWkImXsYZNFFfCs=",
        "owner": "nixos",
        "repo": "nixpkgs",
        "rev": "aca4d95fce4914b3892661bcb80b8087293536c6",
        "type": "github"
      },
      "original": {
        "owner": "nixos",
        "ref": "nixos-unstable",
        "repo": "nixpkgs",
        "type": "github"
      }
    },
    "nugetui": {
      "inputs": {
        "nixpkgs": [
          "nixpkgs"
        ]
      },
      "locked": {
        "lastModified": 1772815033,
        "narHash": "sha256-jCufhoq5VjLKvhLUqUgpIMr+3Irx/AzC3NcBhhncODE=",
        "owner": "nyctef",
        "repo": "nugetui",
        "rev": "2e2a7da50ada0fc551e776038cd5d9e70c60b77a",
        "type": "github"
      },
      "original": {
        "owner": "nyctef",
        "repo": "nugetui",
        "type": "github"
      }
    },
    "plugins-roslyn-nvim": {
      "flake": false,
      "locked": {
        "lastModified": 1770579949,
        "narHash": "sha256-7/uCaC9pc51e3MAAt1TFqJ862yzCqeapOlHHuK5I1KU=",
        "owner": "molostovvs",
        "repo": "roslyn.nvim",
        "rev": "58479433ebcb314c38fbc6c63ee1a049bfdc0c62",
        "type": "github"
      },
      "original": {
        "owner": "molostovvs",
        "ref": "fix-source-generated-bufs",
        "repo": "roslyn.nvim",
        "type": "github"
      }
    },
    "root": {
      "inputs": {
        "agenix": "agenix",
        "ff14-utils": "ff14-utils",
        "home-manager": "home-manager_2",
        "nixCats": "nixCats",
        "nixos-wsl": "nixos-wsl",
        "nixpkgs": "nixpkgs",
        "nugetui": "nugetui",
        "plugins-roslyn-nvim": "plugins-roslyn-nvim",
        "ticket": "ticket"
      }
    },
    "rust-analyzer-src": {
      "flake": false,
      "locked": {
        "lastModified": 1742296961,
        "narHash": "sha256-gCpvEQOrugHWLimD1wTFOJHagnSEP6VYBDspq96Idu0=",
        "owner": "rust-lang",
        "repo": "rust-analyzer",
        "rev": "15d87419f1a123d8f888d608129c3ce3ff8f13d4",
        "type": "github"
      },
      "original": {
        "owner": "rust-lang",
        "ref": "nightly",
        "repo": "rust-analyzer",
        "type": "github"
      }
    },
    "systems": {
      "locked": {
        "lastModified": 1681028828,
        "narHash": "sha256-Vy1rq5AaRuLzOxct8nz4T6wlgyUR7zLU309k9mBC768=",
        "owner": "nix-systems",
        "repo": "default",
        "rev": "da67096a3b9bf56a91d16901293e51ba5b49a27e",
        "type": "github"
      },
      "original": {
        "owner": "nix-systems",
        "repo": "default",
        "type": "github"
      }
    },
    "ticket": {
      "flake": false,
      "locked": {
        "lastModified": 1771728878,
        "narHash": "sha256-zvt+SbHmQxqTvt2JyFXyYU1k3JM6AEsSIDI0RhpmPPk=",
        "owner": "wedow",
        "repo": "ticket",
        "rev": "b564596e6f9ee5a9bf300600b61e1c681dc26d28",
        "type": "github"
      },
      "original": {
        "owner": "wedow",
        "repo": "ticket",
        "type": "github"
      }
    }
  },
  "root": "root",
  "version": 7
}
